
Microsoft Visual Studio Solution File, Format Version 12.00
# Visual Studio Version 17
VisualStudioVersion = 17.1.32421.90
MinimumVisualStudioVersion = 10.0.40219.1
Project("{9A19103F-16F7-4668-BE54-9A1E7A4F7556}") = "ServerCore", "ServerCore\ServerCore.csproj", "{D1F97BBB-3FE5-4589-937D-1CC7CEE2115A}"
EndProject
Project("{9A19103F-16F7-4668-BE54-9A1E7A4F7556}") = "DummyClient", "DummyClient\DummyClient.csproj", "{403C9812-E17D-4065-A71C-6863C5AB0973}"
EndProject
Project("{FAE04EC0-301F-11D3-BF4B-00C04F79EFBC}") = "Server", "Server\Server.csproj", "{40512D82-F526-4085-BB34-D641D6B15ECF}"
EndProject
Global
	GlobalSection(SolutionConfigurationPlatforms) = preSolution
		Debug|Any CPU = Debug|Any CPU
		Release|Any CPU = Release|Any CPU
	EndGlobalSection
	GlobalSection(ProjectConfigurationPlatforms) = postSolution
		{D1F97BBB-3FE5-4589-937D-1CC7CEE2115A}.Debug|Any CPU.ActiveCfg = Debug|Any CPU
		{D1F97BBB-3FE5-4589-937D-1CC7CEE2115A}.Debug|Any CPU.Build.0 = Debug|Any CPU
		{D1F97BBB-3FE5-4589-937D-1CC7CEE2115A}.Release|Any CPU.ActiveCfg = Release|Any CPU
		{D1F97BBB-3FE5-4589-937D-1CC7CEE2115A}.Release|Any CPU.Build.0 = Release|Any CPU
		{403C9812-E17D-4065-A71C-6863C5AB0973}.Debug|Any CPU.ActiveCfg = Debug|Any CPU
		{403C9812-E17D-4065-A71C-6863C5AB0973}.Debug|Any CPU.Build.0 = Debug|Any CPU
		{403C9812-E17D-4065-A71C-6863C5AB0973}.Release|Any CPU.ActiveCfg = Release|Any CPU
		{403C9812-E17D-4065-A71C-6863C5AB0973}.Release|Any CPU.Build.0 = Release|Any CPU
		{40512D82-F526-4085-BB34-D641D6B15ECF}.Debug|Any CPU.ActiveCfg = Debug|Any CPU
		{40512D82-F526-4085-BB34-D641D6B15ECF}.Debug|Any CPU.Build.0 = Debug|Any CPU
		{40512D82-F526-4085-BB34-D641D6B15ECF}.Release|Any CPU.ActiveCfg = Release|Any CPU
		{40512D82-F526-4085-BB34-D641D6B15ECF}.Release|Any CPU.Build.0 = Release|Any CPU
	EndGlobalSection
	GlobalSection(SolutionProperties) = preSolution
		HideSolutionNode = FALSE
	EndGlobalSection
	GlobalSection(ExtensibilityGlobals) = postSolution
		SolutionGuid = {D62EEA93-11BC-43FD-BDC0-B6C406707BF2}
	EndGlobalSection
EndGlobal
